
Microsoft Visual Studio Solution File, Format Version 12.00
# Visual Studio Version 17
VisualStudioVersion = 17.0.32014.148
MinimumVisualStudioVersion = 10.0.40219.1
Project("{FAE04EC0-301F-11D3-BF4B-00C04F79EFBC}") = "SendMailOffenders", "SendMailOffenders\SendMailOffenders.csproj", "{882B1ED0-D3DF-4250-9548-E4CA3D29F374}"
EndProject
Global
	GlobalSection(SolutionConfigurationPlatforms) = preSolution
		Debug|Any CPU = Debug|Any CPU
		Release|Any CPU = Release|Any CPU
	EndGlobalSection
	GlobalSection(ProjectConfigurationPlatforms) = postSolution
		{882B1ED0-D3DF-4250-9548-E4CA3D29F374}.Debug|Any CPU.ActiveCfg = Debug|Any CPU
		{882B1ED0-D3DF-4250-9548-E4CA3D29F374}.Debug|Any CPU.Build.0 = Debug|Any CPU
		{882B1ED0-D3DF-4250-9548-E4CA3D29F374}.Release|Any CPU.ActiveCfg = Release|Any CPU
		{882B1ED0-D3DF-4250-9548-E4CA3D29F374}.Release|Any CPU.Build.0 = Release|Any CPU
	EndGlobalSection
	GlobalSection(SolutionProperties) = preSolution
		HideSolutionNode = FALSE
	EndGlobalSection
	GlobalSection(ExtensibilityGlobals) = postSolution
		SolutionGuid = {847A7CC7-9989-4A9E-B5FE-90B4B9739EBF}
	EndGlobalSection
	GlobalSection(TeamFoundationVersionControl) = preSolution
		SccNumberOfProjects = 2
		SccEnterpriseProvider = {4CA58AB2-18FA-4F8D-95D4-32DDF27D184C}
		SccTeamFoundationServer = http://192.168.73.123:8080/tfs/anprg
		SccLocalPath0 = .
		SccProjectUniqueName1 = SendMailOffenders\\SendMailOffenders.csproj
		SccProjectName1 = SendMailOffenders
		SccLocalPath1 = SendMailOffenders
	EndGlobalSection
EndGlobal
